
Microsoft Visual Studio Solution File, Format Version 12.00
# Visual Studio 15
VisualStudioVersion = 15.0.28307.757
MinimumVisualStudioVersion = 10.0.40219.1
Project("{FAE04EC0-301F-11D3-BF4B-00C04F79EFBC}") = "lab4", "lab4\lab4.csproj", "{29FF6229-6A20-46B8-8753-6C43C217EA5D}"
EndProject
Global
	GlobalSection(SolutionConfigurationPlatforms) = preSolution
		Debug|Any CPU = Debug|Any CPU
		Release|Any CPU = Release|Any CPU
	EndGlobalSection
	GlobalSection(ProjectConfigurationPlatforms) = postSolution
		{29FF6229-6A20-46B8-8753-6C43C217EA5D}.Debug|Any CPU.ActiveCfg = Debug|Any CPU
		{29FF6229-6A20-46B8-8753-6C43C217EA5D}.Debug|Any CPU.Build.0 = Debug|Any CPU
		{29FF6229-6A20-46B8-8753-6C43C217EA5D}.Release|Any CPU.ActiveCfg = Release|Any CPU
		{29FF6229-6A20-46B8-8753-6C43C217EA5D}.Release|Any CPU.Build.0 = Release|Any CPU
	EndGlobalSection
	GlobalSection(SolutionProperties) = preSolution
		HideSolutionNode = FALSE
	EndGlobalSection
	GlobalSection(ExtensibilityGlobals) = postSolution
		SolutionGuid = {2C903324-3463-4BE6-915F-AE7FC2027C99}
	EndGlobalSection
EndGlobal
